
Microsoft Visual Studio Solution File, Format Version 12.00
# Visual Studio 15
VisualStudioVersion = 15.0.28307.421
MinimumVisualStudioVersion = 10.0.40219.1
Project("{9A19103F-16F7-4668-BE54-9A1E7A4F7556}") = "MsWebApp", "MsWebApp\MsWebApp.csproj", "{C2E13503-7EA3-4D1A-B917-56581829AD6D}"
EndProject
Project("{2150E333-8FDC-42A3-9474-1A3956D46DE8}") = "01Util", "01Util", "{6D72253B-474F-4492-AA31-6D15A39743C1}"
EndProject
Project("{2150E333-8FDC-42A3-9474-1A3956D46DE8}") = "02Dal", "02Dal", "{23F86C2E-A30B-4956-AB28-B82AE9FD9125}"
EndProject
Project("{2150E333-8FDC-42A3-9474-1A3956D46DE8}") = "04View", "04View", "{C3B67D82-F5CE-43E1-B3A7-689A36A28576}"
EndProject
Project("{2150E333-8FDC-42A3-9474-1A3956D46DE8}") = "03Cont", "03Cont", "{EABB5E73-9279-4188-937B-E25637A96085}"
EndProject
Project("{9A19103F-16F7-4668-BE54-9A1E7A4F7556}") = "Base.Common", "Base.Common\Base.Common.csproj", "{BA003322-71E1-4A2C-B239-2A3A6A1E4293}"
EndProject
Project("{9A19103F-16F7-4668-BE54-9A1E7A4F7556}") = "MsWebAppDal", "MsWebAppDal\MsWebAppDal.csproj", "{B823C1DB-EEDE-477E-90B5-4E250321DB10}"
EndProject
Global
	GlobalSection(SolutionConfigurationPlatforms) = preSolution
		Debug|Any CPU = Debug|Any CPU
		Release|Any CPU = Release|Any CPU
	EndGlobalSection
	GlobalSection(ProjectConfigurationPlatforms) = postSolution
		{C2E13503-7EA3-4D1A-B917-56581829AD6D}.Debug|Any CPU.ActiveCfg = Debug|Any CPU
		{C2E13503-7EA3-4D1A-B917-56581829AD6D}.Debug|Any CPU.Build.0 = Debug|Any CPU
		{C2E13503-7EA3-4D1A-B917-56581829AD6D}.Release|Any CPU.ActiveCfg = Release|Any CPU
		{C2E13503-7EA3-4D1A-B917-56581829AD6D}.Release|Any CPU.Build.0 = Release|Any CPU
		{BA003322-71E1-4A2C-B239-2A3A6A1E4293}.Debug|Any CPU.ActiveCfg = Debug|Any CPU
		{BA003322-71E1-4A2C-B239-2A3A6A1E4293}.Debug|Any CPU.Build.0 = Debug|Any CPU
		{BA003322-71E1-4A2C-B239-2A3A6A1E4293}.Release|Any CPU.ActiveCfg = Release|Any CPU
		{BA003322-71E1-4A2C-B239-2A3A6A1E4293}.Release|Any CPU.Build.0 = Release|Any CPU
		{B823C1DB-EEDE-477E-90B5-4E250321DB10}.Debug|Any CPU.ActiveCfg = Debug|Any CPU
		{B823C1DB-EEDE-477E-90B5-4E250321DB10}.Debug|Any CPU.Build.0 = Debug|Any CPU
		{B823C1DB-EEDE-477E-90B5-4E250321DB10}.Release|Any CPU.ActiveCfg = Release|Any CPU
		{B823C1DB-EEDE-477E-90B5-4E250321DB10}.Release|Any CPU.Build.0 = Release|Any CPU
	EndGlobalSection
	GlobalSection(SolutionProperties) = preSolution
		HideSolutionNode = FALSE
	EndGlobalSection
	GlobalSection(NestedProjects) = preSolution
		{BA003322-71E1-4A2C-B239-2A3A6A1E4293} = {6D72253B-474F-4492-AA31-6D15A39743C1}
		{B823C1DB-EEDE-477E-90B5-4E250321DB10} = {23F86C2E-A30B-4956-AB28-B82AE9FD9125}
	EndGlobalSection
	GlobalSection(ExtensibilityGlobals) = postSolution
		SolutionGuid = {23818384-0013-4B9A-9FE2-55E0AFB26E25}
	EndGlobalSection
EndGlobal
